// !$*UTF8*$!
{
	archiveVersion = 1;
	classes = {
	};
	objectVersion = 50;
	objects = {

/* Begin PBXBuildFile section */
		323DC8692321200E000BBA2F /* methods.c in Sources */ = {isa = PBXBuildFile; fileRef = 323DC8632321200E000BBA2F /* methods.c */; };
		323DC86A2321200E000BBA2F /* bool-matrix.c in Sources */ = {isa = PBXBuildFile; fileRef = 323DC8642321200E000BBA2F /* bool-matrix.c */; };
		323DC86B2321200E000BBA2F /* sudostep.c in Sources */ = {isa = PBXBuildFile; fileRef = 323DC8662321200E000BBA2F /* sudostep.c */; };
		323DC86C2321200E000BBA2F /* sudoku.c in Sources */ = {isa = PBXBuildFile; fileRef = 323DC8672321200E000BBA2F /* sudoku.c */; };
		323DC86D2321200E000BBA2F /* sudomat.c in Sources */ = {isa = PBXBuildFile; fileRef = 323DC8682321200E000BBA2F /* sudomat.c */; };
		323DC86F23212134000BBA2F /* sudodef.h in Headers */ = {isa = PBXBuildFile; fileRef = 323DC8652321200E000BBA2F /* sudodef.h */; settings = {ATTRIBUTES = (Private, ); }; };
		323DC87023212134000BBA2F /* sudoku.h in Headers */ = {isa = PBXBuildFile; fileRef = 323DC86023212002000BBA2F /* sudoku.h */; settings = {ATTRIBUTES = (Public, ); }; };
/* End PBXBuildFile section */

/* Begin PBXCopyFilesBuildPhase section */
		326D99CC23211ED10017411D /* CopyFiles */ = {
			isa = PBXCopyFilesBuildPhase;
			buildActionMask = 2147483647;
			dstPath = "include/$(PRODUCT_NAME)";
			dstSubfolderSpec = 16;
			files = (
			);
			runOnlyForDeploymentPostprocessing = 0;
		};
/* End PBXCopyFilesBuildPhase section */

/* Begin PBXFileReference section */
		323DC86023212002000BBA2F /* sudoku.h */ = {isa = PBXFileReference; fileEncoding = 4; lastKnownFileType = sourcecode.c.h; path = sudoku.h; sourceTree = "<group>"; };
		323DC8622321200E000BBA2F /* methods-doc.md */ = {isa = PBXFileReference; fileEncoding = 4; lastKnownFileType = net.daringfireball.markdown; path = "methods-doc.md"; sourceTree = "<group>"; };
		323DC8632321200E000BBA2F /* methods.c */ = {isa = PBXFileReference; fileEncoding = 4; lastKnownFileType = sourcecode.c.c; path = methods.c; sourceTree = "<group>"; };
		323DC8642321200E000BBA2F /* bool-matrix.c */ = {isa = PBXFileReference; fileEncoding = 4; lastKnownFileType = sourcecode.c.c; path = "bool-matrix.c"; sourceTree = "<group>"; };
		323DC8652321200E000BBA2F /* sudodef.h */ = {isa = PBXFileReference; fileEncoding = 4; lastKnownFileType = sourcecode.c.h; path = sudodef.h; sourceTree = "<group>"; };
		323DC8662321200E000BBA2F /* sudostep.c */ = {isa = PBXFileReference; fileEncoding = 4; lastKnownFileType = sourcecode.c.c; path = sudostep.c; sourceTree = "<group>"; };
		323DC8672321200E000BBA2F /* sudoku.c */ = {isa = PBXFileReference; fileEncoding = 4; lastKnownFileType = sourcecode.c.c; path = sudoku.c; sourceTree = "<group>"; };
		323DC8682321200E000BBA2F /* sudomat.c */ = {isa = PBXFileReference; fileEncoding = 4; lastKnownFileType = sourcecode.c.c; path = sudomat.c; sourceTree = "<group>"; };
		326D99CE23211ED10017411D /* libsudoku.a */ = {isa = PBXFileReference; explicitFileType = archive.ar; includeInIndex = 0; path = libsudoku.a; sourceTree = BUILT_PRODUCTS_DIR; };
/* End PBXFileReference section */

/* Begin PBXFrameworksBuildPhase section */
		326D99CB23211ED10017411D /* Frameworks */ = {
			isa = PBXFrameworksBuildPhase;
			buildActionMask = 2147483647;
			files = (
			);
			runOnlyForDeploymentPostprocessing = 0;
		};
/* End PBXFrameworksBuildPhase section */

/* Begin PBXGroup section */
		323DC85E23211FEF000BBA2F /* sudoku */ = {
			isa = PBXGroup;
			children = (
				323DC8612321200E000BBA2F /* src */,
				323DC85F23212002000BBA2F /* include */,
			);
			path = sudoku;
			sourceTree = "<group>";
		};
		323DC85F23212002000BBA2F /* include */ = {
			isa = PBXGroup;
			children = (
				323DC86023212002000BBA2F /* sudoku.h */,
			);
			name = include;
			path = ../../../include;
			sourceTree = "<group>";
		};
		323DC8612321200E000BBA2F /* src */ = {
			isa = PBXGroup;
			children = (
				323DC8622321200E000BBA2F /* methods-doc.md */,
				323DC8632321200E000BBA2F /* methods.c */,
				323DC8642321200E000BBA2F /* bool-matrix.c */,
				323DC8652321200E000BBA2F /* sudodef.h */,
				323DC8662321200E000BBA2F /* sudostep.c */,
				323DC8672321200E000BBA2F /* sudoku.c */,
				323DC8682321200E000BBA2F /* sudomat.c */,
			);
			name = src;
			path = ../../src;
			sourceTree = "<group>";
		};
		326D99C523211ED10017411D = {
			isa = PBXGroup;
			children = (
				323DC85E23211FEF000BBA2F /* sudoku */,
				326D99CF23211ED10017411D /* Products */,
			);
			sourceTree = "<group>";
		};
		326D99CF23211ED10017411D /* Products */ = {
			isa = PBXGroup;
			children = (
				326D99CE23211ED10017411D /* libsudoku.a */,
			);
			name = Products;
			sourceTree = "<group>";
		};
/* End PBXGroup section */

/* Begin PBXHeadersBuildPhase section */
		323DC86E23212129000BBA2F /* Headers */ = {
			isa = PBXHeadersBuildPhase;
			buildActionMask = 2147483647;
			files = (
				323DC87023212134000BBA2F /* sudoku.h in Headers */,
				323DC86F23212134000BBA2F /* sudodef.h in Headers */,
			);
			runOnlyForDeploymentPostprocessing = 0;
		};
/* End PBXHeadersBuildPhase section */

/* Begin PBXNativeTarget section */
		326D99CD23211ED10017411D /* sudoku */ = {
			isa = PBXNativeTarget;
			buildConfigurationList = 326D99D723211ED10017411D /* Build configuration list for PBXNativeTarget "sudoku" */;
			buildPhases = (
				323DC86E23212129000BBA2F /* Headers */,
				326D99CA23211ED10017411D /* Sources */,
				326D99CB23211ED10017411D /* Frameworks */,
				326D99CC23211ED10017411D /* CopyFiles */,
			);
			buildRules = (
			);
			dependencies = (
			);
			name = sudoku;
			productName = sudoku;
			productReference = 326D99CE23211ED10017411D /* libsudoku.a */;
			productType = "com.apple.product-type.library.static";
		};
/* End PBXNativeTarget section */

/* Begin PBXProject section */
		326D99C623211ED10017411D /* Project object */ = {
			isa = PBXProject;
			attributes = {
				LastUpgradeCheck = 1030;
				ORGANIZATIONNAME = "yingkun zhang";
				TargetAttributes = {
					326D99CD23211ED10017411D = {
						CreatedOnToolsVersion = 10.3;
					};
				};
			};
			buildConfigurationList = 326D99C923211ED10017411D /* Build configuration list for PBXProject "sudoku" */;
			compatibilityVersion = "Xcode 9.3";
			developmentRegion = en;
			hasScannedForEncodings = 0;
			knownRegions = (
				en,
			);
			mainGroup = 326D99C523211ED10017411D;
			productRefGroup = 326D99CF23211ED10017411D /* Products */;
			projectDirPath = "";
			projectRoot = "";
			targets = (
				326D99CD23211ED10017411D /* sudoku */,
			);
		};
/* End PBXProject section */

/* Begin PBXSourcesBuildPhase section */
		326D99CA23211ED10017411D /* Sources */ = {
			isa = PBXSourcesBuildPhase;
			buildActionMask = 2147483647;
			files = (
				323DC86C2321200E000BBA2F /* sudoku.c in Sources */,
				323DC86A2321200E000BBA2F /* bool-matrix.c in Sources */,
				323DC86D2321200E000BBA2F /* sudomat.c in Sources */,
				323DC8692321200E000BBA2F /* methods.c in Sources */,
				323DC86B2321200E000BBA2F /* sudostep.c in Sources */,
			);
			runOnlyForDeploymentPostprocessing = 0;
		};
/* End PBXSourcesBuildPhase section */

/* Begin XCBuildConfiguration section */
		326D99D523211ED10017411D /* Debug */ = {
			isa = XCBuildConfiguration;
			buildSettings = {
				ALWAYS_SEARCH_USER_PATHS = NO;
				CLANG_ANALYZER_NONNULL = YES;
				CLANG_ANALYZER_NUMBER_OBJECT_CONVERSION = YES_AGGRESSIVE;
				CLANG_CXX_LANGUAGE_STANDARD = "gnu++14";
				CLANG_CXX_LIBRARY = "libc++";
				CLANG_ENABLE_MODULES = YES;
				CLANG_ENABLE_OBJC_ARC = YES;
				CLANG_ENABLE_OBJC_WEAK = YES;
				CLANG_WARN_BLOCK_CAPTURE_AUTORELEASING = YES;
				CLANG_WARN_BOOL_CONVERSION = YES;
				CLANG_WARN_COMMA = YES;
				CLANG_WARN_CONSTANT_CONVERSION = YES;
				CLANG_WARN_DEPRECATED_OBJC_IMPLEMENTATIONS = YES;
				CLANG_WARN_DIRECT_OBJC_ISA_USAGE = YES_ERROR;
				CLANG_WARN_DOCUMENTATION_COMMENTS = YES;
				CLANG_WARN_EMPTY_BODY = YES;
				CLANG_WARN_ENUM_CONVERSION = YES;
				CLANG_WARN_INFINITE_RECURSION = YES;
				CLANG_WARN_INT_CONVERSION = YES;
				CLANG_WARN_NON_LITERAL_NULL_CONVERSION = YES;
				CLANG_WARN_OBJC_IMPLICIT_RETAIN_SELF = YES;
				CLANG_WARN_OBJC_LITERAL_CONVERSION = YES;
				CLANG_WARN_OBJC_ROOT_CLASS = YES_ERROR;
				CLANG_WARN_RANGE_LOOP_ANALYSIS = YES;
				CLANG_WARN_STRICT_PROTOTYPES = YES;
				CLANG_WARN_SUSPICIOUS_MOVE = YES;
				CLANG_WARN_UNGUARDED_AVAILABILITY = YES_AGGRESSIVE;
				CLANG_WARN_UNREACHABLE_CODE = YES;
				CLANG_WARN__DUPLICATE_METHOD_MATCH = YES;
				CODE_SIGN_IDENTITY = "iPhone Developer";
				COPY_PHASE_STRIP = NO;
				DEBUG_INFORMATION_FORMAT = dwarf;
				ENABLE_STRICT_OBJC_MSGSEND = YES;
				ENABLE_TESTABILITY = YES;
				GCC_C_LANGUAGE_STANDARD = gnu11;
				GCC_DYNAMIC_NO_PIC = NO;
				GCC_NO_COMMON_BLOCKS = YES;
				GCC_OPTIMIZATION_LEVEL = 0;
				GCC_PREPROCESSOR_DEFINITIONS = (
					"DEBUG=1",
					"$(inherited)",
				);
				GCC_WARN_64_TO_32_BIT_CONVERSION = YES;
				GCC_WARN_ABOUT_RETURN_TYPE = YES_ERROR;
				GCC_WARN_UNDECLARED_SELECTOR = YES;
				GCC_WARN_UNINITIALIZED_AUTOS = YES_AGGRESSIVE;
				GCC_WARN_UNUSED_FUNCTION = YES;
				GCC_WARN_UNUSED_VARIABLE = YES;
				IPHONEOS_DEPLOYMENT_TARGET = 12.4;
				MTL_ENABLE_DEBUG_INFO = INCLUDE_SOURCE;
				MTL_FAST_MATH = YES;
				ONLY_ACTIVE_ARCH = YES;
				SDKROOT = iphoneos;
			};
			name = Debug;
		};
		326D99D623211ED10017411D /* Release */ = {
			isa = XCBuildConfiguration;
			buildSettings = {
				ALWAYS_SEARCH_USER_PATHS = NO;
				CLANG_ANALYZER_NONNULL = YES;
				CLANG_ANALYZER_NUMBER_OBJECT_CONVERSION = YES_AGGRESSIVE;
				CLANG_CXX_LANGUAGE_STANDARD = "gnu++14";
				CLANG_CXX_LIBRARY = "libc++";
				CLANG_ENABLE_MODULES = YES;
				CLANG_ENABLE_OBJC_ARC = YES;
				CLANG_ENABLE_OBJC_WEAK = YES;
				CLANG_WARN_BLOCK_CAPTURE_AUTORELEASING = YES;
				CLANG_WARN_BOOL_CONVERSION = YES;
				CLANG_WARN_COMMA = YES;
				CLANG_WARN_CONSTANT_CONVERSION = YES;
				CLANG_WARN_DEPRECATED_OBJC_IMPLEMENTATIONS = YES;
				CLANG_WARN_DIRECT_OBJC_ISA_USAGE = YES_ERROR;
				CLANG_WARN_DOCUMENTATION_COMMENTS = YES;
				CLANG_WARN_EMPTY_BODY = YES;
				CLANG_WARN_ENUM_CONVERSION = YES;
				CLANG_WARN_INFINITE_RECURSION = YES;
				CLANG_WARN_INT_CONVERSION = YES;
				CLANG_WARN_NON_LITERAL_NULL_CONVERSION = YES;
				CLANG_WARN_OBJC_IMPLICIT_RETAIN_SELF = YES;
				CLANG_WARN_OBJC_LITERAL_CONVERSION = YES;
				CLANG_WARN_OBJC_ROOT_CLASS = YES_ERROR;
				CLANG_WARN_RANGE_LOOP_ANALYSIS = YES;
				CLANG_WARN_STRICT_PROTOTYPES = YES;
				CLANG_WARN_SUSPICIOUS_MOVE = YES;
				CLANG_WARN_UNGUARDED_AVAILABILITY = YES_AGGRESSIVE;
				CLANG_WARN_UNREACHABLE_CODE = YES;
				CLANG_WARN__DUPLICATE_METHOD_MATCH = YES;
				CODE_SIGN_IDENTITY = "iPhone Developer";
				COPY_PHASE_STRIP = NO;
				DEBUG_INFORMATION_FORMAT = "dwarf-with-dsym";
				ENABLE_NS_ASSERTIONS = NO;
				ENABLE_STRICT_OBJC_MSGSEND = YES;
				GCC_C_LANGUAGE_STANDARD = gnu11;
				GCC_NO_COMMON_BLOCKS = YES;
				GCC_WARN_64_TO_32_BIT_CONVERSION = YES;
				GCC_WARN_ABOUT_RETURN_TYPE = YES_ERROR;
				GCC_WARN_UNDECLARED_SELECTOR = YES;
				GCC_WARN_UNINITIALIZED_AUTOS = YES_AGGRESSIVE;
				GCC_WARN_UNUSED_FUNCTION = YES;
				GCC_WARN_UNUSED_VARIABLE = YES;
				IPHONEOS_DEPLOYMENT_TARGET = 12.4;
				MTL_ENABLE_DEBUG_INFO = NO;
				MTL_FAST_MATH = YES;
				SDKROOT = iphoneos;
				VALIDATE_PRODUCT = YES;
			};
			name = Release;
		};
		326D99D823211ED10017411D /* Debug */ = {
			isa = XCBuildConfiguration;
			buildSettings = {
				CODE_SIGN_STYLE = Automatic;
				DEVELOPMENT_TEAM = MAVTF79RK5;
				OTHER_LDFLAGS = "-ObjC";
				PRODUCT_NAME = "$(TARGET_NAME)";
				SKIP_INSTALL = YES;
				TARGETED_DEVICE_FAMILY = "1,2";
			};
			name = Debug;
		};
		326D99D923211ED10017411D /* Release */ = {
			isa = XCBuildConfiguration;
			buildSettings = {
				CODE_SIGN_STYLE = Automatic;
				DEVELOPMENT_TEAM = MAVTF79RK5;
				OTHER_LDFLAGS = "-ObjC";
				PRODUCT_NAME = "$(TARGET_NAME)";
				SKIP_INSTALL = YES;
				TARGETED_DEVICE_FAMILY = "1,2";
			};
			name = Release;
		};
/* End XCBuildConfiguration section */

/* Begin XCConfigurationList section */
		326D99C923211ED10017411D /* Build configuration list for PBXProject "sudoku" */ = {
			isa = XCConfigurationList;
			buildConfigurations = (
				326D99D523211ED10017411D /* Debug */,
				326D99D623211ED10017411D /* Release */,
			);
			defaultConfigurationIsVisible = 0;
			defaultConfigurationName = Release;
		};
		326D99D723211ED10017411D /* Build configuration list for PBXNativeTarget "sudoku" */ = {
			isa = XCConfigurationList;
			buildConfigurations = (
				326D99D823211ED10017411D /* Debug */,
				326D99D923211ED10017411D /* Release */,
			);
			defaultConfigurationIsVisible = 0;
			defaultConfigurationName = Release;
		};
/* End XCConfigurationList section */
	};
	rootObject = 326D99C623211ED10017411D /* Project object */;
}
